
Microsoft Visual Studio Solution File, Format Version 12.00
# Visual Studio Version 17
VisualStudioVersion = 17.14.36518.9 d17.14
MinimumVisualStudioVersion = 10.0.40219.1
Project("{FAE04EC0-301F-11D3-BF4B-00C04F79EFBC}") = "portfolioBackend", "portfolioBackend\portfolioBackend.csproj", "{91944A12-8C7D-4B64-8000-E4937155424E}"
EndProject
Global
	GlobalSection(SolutionConfigurationPlatforms) = preSolution
		Debug|Any CPU = Debug|Any CPU
		Release|Any CPU = Release|Any CPU
	EndGlobalSection
	GlobalSection(ProjectConfigurationPlatforms) = postSolution
		{91944A12-8C7D-4B64-8000-E4937155424E}.Debug|Any CPU.ActiveCfg = Debug|Any CPU
		{91944A12-8C7D-4B64-8000-E4937155424E}.Debug|Any CPU.Build.0 = Debug|Any CPU
		{91944A12-8C7D-4B64-8000-E4937155424E}.Release|Any CPU.ActiveCfg = Release|Any CPU
		{91944A12-8C7D-4B64-8000-E4937155424E}.Release|Any CPU.Build.0 = Release|Any CPU
	EndGlobalSection
	GlobalSection(SolutionProperties) = preSolution
		HideSolutionNode = FALSE
	EndGlobalSection
	GlobalSection(ExtensibilityGlobals) = postSolution
		SolutionGuid = {047274DA-D76F-4BEC-87A0-7491AF02E002}
	EndGlobalSection
EndGlobal
